
Microsoft Visual Studio Solution File, Format Version 12.00
# Visual Studio Express 2012 for Web
Project("{2150E333-8FDC-42A3-9474-1A3956D46DE8}") = "Solution Items", "Solution Items", "{5A44221A-E7E7-4ADF-8BC9-48C88EC62125}"
EndProject
Project("{2150E333-8FDC-42A3-9474-1A3956D46DE8}") = "css", "css", "{90124B1B-A615-4984-9BEE-EC29651117C1}"
	ProjectSection(SolutionItems) = preProject
		css\style.css = css\style.css
	EndProjectSection
EndProject
Project("{2150E333-8FDC-42A3-9474-1A3956D46DE8}") = "js", "js", "{C19F21D2-633B-4325-8CF7-C2B2E9AB61A5}"
	ProjectSection(SolutionItems) = preProject
		js\app.js = js\app.js
	EndProjectSection
EndProject
Project("{2150E333-8FDC-42A3-9474-1A3956D46DE8}") = "html", "html", "{E69B5818-B48E-4F15-8351-B602BCB69F81}"
	ProjectSection(SolutionItems) = preProject
		index.html = index.html
	EndProjectSection
EndProject
Project("{2150E333-8FDC-42A3-9474-1A3956D46DE8}") = "data", "data", "{45CE1BF0-1490-4F23-9347-6FE074B9BCDE}"
	ProjectSection(SolutionItems) = preProject
		js\data\base-set.js = js\data\base-set.js
	EndProjectSection
EndProject
Project("{2150E333-8FDC-42A3-9474-1A3956D46DE8}") = "lib", "lib", "{C110B117-BE41-4240-9378-61B12E27F294}"
	ProjectSection(SolutionItems) = preProject
		js\lib\d3.js = js\lib\d3.js
		js\require.js = js\require.js
	EndProjectSection
EndProject
Project("{2150E333-8FDC-42A3-9474-1A3956D46DE8}") = "app", "app", "{B24ABBC2-875E-42B5-91A3-26ED266CDB36}"
	ProjectSection(SolutionItems) = preProject
		js\app\board.js = js\app\board.js
		js\app\settings.js = js\app\settings.js
		js\app\tiles.js = js\app\tiles.js
	EndProjectSection
EndProject
Global
	GlobalSection(SolutionProperties) = preSolution
		HideSolutionNode = FALSE
	EndGlobalSection
	GlobalSection(NestedProjects) = preSolution
		{45CE1BF0-1490-4F23-9347-6FE074B9BCDE} = {C19F21D2-633B-4325-8CF7-C2B2E9AB61A5}
		{C110B117-BE41-4240-9378-61B12E27F294} = {C19F21D2-633B-4325-8CF7-C2B2E9AB61A5}
		{B24ABBC2-875E-42B5-91A3-26ED266CDB36} = {C19F21D2-633B-4325-8CF7-C2B2E9AB61A5}
	EndGlobalSection
EndGlobal
